
Microsoft Visual Studio Solution File, Format Version 12.00
# Visual Studio Version 16
VisualStudioVersion = 16.0.30204.135
MinimumVisualStudioVersion = 10.0.40219.1
Project("{FAE04EC0-301F-11D3-BF4B-00C04F79EFBC}") = "June16.1", "June16.1.csproj", "{5C5F5F1B-3BC8-455B-9234-F330A8CA10B7}"
EndProject
Global
	GlobalSection(SolutionConfigurationPlatforms) = preSolution
		Debug|Any CPU = Debug|Any CPU
		Release|Any CPU = Release|Any CPU
	EndGlobalSection
	GlobalSection(ProjectConfigurationPlatforms) = postSolution
		{5C5F5F1B-3BC8-455B-9234-F330A8CA10B7}.Debug|Any CPU.ActiveCfg = Debug|Any CPU
		{5C5F5F1B-3BC8-455B-9234-F330A8CA10B7}.Debug|Any CPU.Build.0 = Debug|Any CPU
		{5C5F5F1B-3BC8-455B-9234-F330A8CA10B7}.Release|Any CPU.ActiveCfg = Release|Any CPU
		{5C5F5F1B-3BC8-455B-9234-F330A8CA10B7}.Release|Any CPU.Build.0 = Release|Any CPU
	EndGlobalSection
	GlobalSection(SolutionProperties) = preSolution
		HideSolutionNode = FALSE
	EndGlobalSection
	GlobalSection(ExtensibilityGlobals) = postSolution
		SolutionGuid = {A5048111-50B8-4785-B71B-A66A6163CC5A}
	EndGlobalSection
EndGlobal
